
Microsoft Visual Studio Solution File, Format Version 12.00
# Visual Studio Version 17
VisualStudioVersion = 17.9.34723.18
MinimumVisualStudioVersion = 10.0.40219.1
Project("{9A19103F-16F7-4668-BE54-9A1E7A4F7556}") = "ClinicalRotationPlanner", "WinFormsApp3\ClinicalRotationPlanner.csproj", "{0353AD3B-FE51-41EC-A90C-D8429662235F}"
EndProject
Global
	GlobalSection(SolutionConfigurationPlatforms) = preSolution
		Debug|Any CPU = Debug|Any CPU
		Release|Any CPU = Release|Any CPU
	EndGlobalSection
	GlobalSection(ProjectConfigurationPlatforms) = postSolution
		{0353AD3B-FE51-41EC-A90C-D8429662235F}.Debug|Any CPU.ActiveCfg = Debug|Any CPU
		{0353AD3B-FE51-41EC-A90C-D8429662235F}.Debug|Any CPU.Build.0 = Debug|Any CPU
		{0353AD3B-FE51-41EC-A90C-D8429662235F}.Release|Any CPU.ActiveCfg = Release|Any CPU
		{0353AD3B-FE51-41EC-A90C-D8429662235F}.Release|Any CPU.Build.0 = Release|Any CPU
	EndGlobalSection
	GlobalSection(SolutionProperties) = preSolution
		HideSolutionNode = FALSE
	EndGlobalSection
	GlobalSection(ExtensibilityGlobals) = postSolution
		SolutionGuid = {5066FFB8-F2AC-430D-BD53-79A3790590EB}
	EndGlobalSection
EndGlobal
